{
  "name": "@cagovweb/go-site-header",
  "version": "0.0.1-beta3",
  "lockfileVersion": 2,
  "requires": true,
  "packages": {
    "": {
      "name": "@cagovweb/go-site-header",
      "version": "0.0.1-beta3",
      "license": "ISC",
      "dependencies": {
        "@cagovweb/go-site-base-css": "^0.0.1-beta3"
      }
    },
    "node_modules/@cagovweb/go-site-base-css": {
      "version": "0.0.1-beta3",
      "resolved": "https://registry.npmjs.org/@cagovweb/go-site-base-css/-/go-site-base-css-0.0.1-beta3.tgz",
      "integrity": "sha512-leGrIdxhzxsVeurROXbK8Nz5oPWvarozRQ7etwPkOuNGDxromZrdImwVOiLCv8NmN8wdjuwtFZ1xOhV7/PfENQ=="
    }
  },
  "dependencies": {
    "@cagovweb/go-site-base-css": {
      "version": "0.0.1-beta3",
      "resolved": "https://registry.npmjs.org/@cagovweb/go-site-base-css/-/go-site-base-css-0.0.1-beta3.tgz",
      "integrity": "sha512-leGrIdxhzxsVeurROXbK8Nz5oPWvarozRQ7etwPkOuNGDxromZrdImwVOiLCv8NmN8wdjuwtFZ1xOhV7/PfENQ=="
    }
  }
}
