{
  "name": "@cagovweb/go-site-footer",
  "version": "0.0.1-beta7",
  "lockfileVersion": 2,
  "requires": true,
  "packages": {
    "": {
      "name": "@cagovweb/go-site-footer",
      "version": "0.0.1-beta7",
      "license": "ISC",
      "dependencies": {
        "@cagovweb/go-site-base-css": "^0.0.1-beta4"
      }
    },
    "node_modules/@cagovweb/go-site-base-css": {
      "version": "0.0.1-beta4",
      "resolved": "https://registry.npmjs.org/@cagovweb/go-site-base-css/-/go-site-base-css-0.0.1-beta4.tgz",
      "integrity": "sha512-W5mh5H8TXZ8rRxpVmPOqUDzMUjMZ712NxFtxM5XkAImRllcPnHb14tSynf0ncro7cQC22rmXI5USouYcPI2AbQ=="
    }
  },
  "dependencies": {
    "@cagovweb/go-site-base-css": {
      "version": "0.0.1-beta4",
      "resolved": "https://registry.npmjs.org/@cagovweb/go-site-base-css/-/go-site-base-css-0.0.1-beta4.tgz",
      "integrity": "sha512-W5mh5H8TXZ8rRxpVmPOqUDzMUjMZ712NxFtxM5XkAImRllcPnHb14tSynf0ncro7cQC22rmXI5USouYcPI2AbQ=="
    }
  }
}
