{
  "name": "@cagovweb/go-site-footer",
  "version": "0.0.1-beta4",
  "lockfileVersion": 2,
  "requires": true,
  "packages": {
    "": {
      "name": "@cagovweb/go-site-footer",
      "version": "0.0.1-beta4",
      "license": "ISC",
      "dependencies": {
        "@cagovweb/go-site-base-css": "^0.0.1-beta2"
      }
    },
    "node_modules/@cagovweb/go-site-base-css": {
      "version": "0.0.1-beta2",
      "resolved": "https://registry.npmjs.org/@cagovweb/go-site-base-css/-/go-site-base-css-0.0.1-beta2.tgz",
      "integrity": "sha512-bRvfQl2KvKm7oawVxGmpy3s3tVVD8pk8oko7ARD+juuJxpL67UZfcbM+bR/AOlXmz27hSInz0oHPqOBxoIL83Q=="
    }
  },
  "dependencies": {
    "@cagovweb/go-site-base-css": {
      "version": "0.0.1-beta2",
      "resolved": "https://registry.npmjs.org/@cagovweb/go-site-base-css/-/go-site-base-css-0.0.1-beta2.tgz",
      "integrity": "sha512-bRvfQl2KvKm7oawVxGmpy3s3tVVD8pk8oko7ARD+juuJxpL67UZfcbM+bR/AOlXmz27hSInz0oHPqOBxoIL83Q=="
    }
  }
}
